// !$*UTF8*$!
{
	archiveVersion = 1;
	classes = {
	};
	objectVersion = 46;
	objects = {

/* Begin PBXBuildFile section */
		E77846631AE1F30700EFDE01 /* Foundation.framework in Frameworks */ = {isa = PBXBuildFile; fileRef = E77846621AE1F30700EFDE01 /* Foundation.framework */; };
		E77846651AE1F30700EFDE01 /* CoreGraphics.framework in Frameworks */ = {isa = PBXBuildFile; fileRef = E77846641AE1F30700EFDE01 /* CoreGraphics.framework */; };
		E77846671AE1F30700EFDE01 /* UIKit.framework in Frameworks */ = {isa = PBXBuildFile; fileRef = E77846661AE1F30700EFDE01 /* UIKit.framework */; };
		E778466D1AE1F30700EFDE01 /* InfoPlist.strings in Resources */ = {isa = PBXBuildFile; fileRef = E778466B1AE1F30700EFDE01 /* InfoPlist.strings */; };
		E778466F1AE1F30700EFDE01 /* main.m in Sources */ = {isa = PBXBuildFile; fileRef = E778466E1AE1F30700EFDE01 /* main.m */; };
		E77846761AE1F30700EFDE01 /* Main_iPhone.storyboard in Resources */ = {isa = PBXBuildFile; fileRef = E77846741AE1F30700EFDE01 /* Main_iPhone.storyboard */; };
		E77846791AE1F30700EFDE01 /* Main_iPad.storyboard in Resources */ = {isa = PBXBuildFile; fileRef = E77846771AE1F30700EFDE01 /* Main_iPad.storyboard */; };
		E778467C1AE1F30700EFDE01 /* ViewController.m in Sources */ = {isa = PBXBuildFile; fileRef = E778467B1AE1F30700EFDE01 /* ViewController.m */; };
		E778467E1AE1F30700EFDE01 /* Images.xcassets in Resources */ = {isa = PBXBuildFile; fileRef = E778467D1AE1F30700EFDE01 /* Images.xcassets */; };
		E77846851AE1F30700EFDE01 /* XCTest.framework in Frameworks */ = {isa = PBXBuildFile; fileRef = E77846841AE1F30700EFDE01 /* XCTest.framework */; };
		E77846861AE1F30700EFDE01 /* Foundation.framework in Frameworks */ = {isa = PBXBuildFile; fileRef = E77846621AE1F30700EFDE01 /* Foundation.framework */; };
		E77846871AE1F30700EFDE01 /* UIKit.framework in Frameworks */ = {isa = PBXBuildFile; fileRef = E77846661AE1F30700EFDE01 /* UIKit.framework */; };
		E778468F1AE1F30700EFDE01 /* InfoPlist.strings in Resources */ = {isa = PBXBuildFile; fileRef = E778468D1AE1F30700EFDE01 /* InfoPlist.strings */; };
		E77846911AE1F30700EFDE01 /* BasicSplashViewTests.m in Sources */ = {isa = PBXBuildFile; fileRef = E77846901AE1F30700EFDE01 /* BasicSplashViewTests.m */; };
		E778469D1AE1F3A200EFDE01 /* LYDSplashViewController.m in Sources */ = {isa = PBXBuildFile; fileRef = E778469C1AE1F3A200EFDE01 /* LYDSplashViewController.m */; };
		E7C263A31AE201A4001B1FAF /* AppDelegate.m in Sources */ = {isa = PBXBuildFile; fileRef = E7C263A21AE201A4001B1FAF /* AppDelegate.m */; };
/* End PBXBuildFile section */

/* Begin PBXContainerItemProxy section */
		E77846881AE1F30700EFDE01 /* PBXContainerItemProxy */ = {
			isa = PBXContainerItemProxy;
			containerPortal = E77846571AE1F30700EFDE01 /* Project object */;
			proxyType = 1;
			remoteGlobalIDString = E778465E1AE1F30700EFDE01;
			remoteInfo = BasicSplashView;
		};
/* End PBXContainerItemProxy section */

/* Begin PBXFileReference section */
		E778465F1AE1F30700EFDE01 /* BasicSplashView.app */ = {isa = PBXFileReference; explicitFileType = wrapper.application; includeInIndex = 0; path = BasicSplashView.app; sourceTree = BUILT_PRODUCTS_DIR; };
		E77846621AE1F30700EFDE01 /* Foundation.framework */ = {isa = PBXFileReference; lastKnownFileType = wrapper.framework; name = Foundation.framework; path = System/Library/Frameworks/Foundation.framework; sourceTree = SDKROOT; };
		E77846641AE1F30700EFDE01 /* CoreGraphics.framework */ = {isa = PBXFileReference; lastKnownFileType = wrapper.framework; name = CoreGraphics.framework; path = System/Library/Frameworks/CoreGraphics.framework; sourceTree = SDKROOT; };
		E77846661AE1F30700EFDE01 /* UIKit.framework */ = {isa = PBXFileReference; lastKnownFileType = wrapper.framework; name = UIKit.framework; path = System/Library/Frameworks/UIKit.framework; sourceTree = SDKROOT; };
		E778466A1AE1F30700EFDE01 /* BasicSplashView-Info.plist */ = {isa = PBXFileReference; lastKnownFileType = text.plist.xml; path = "BasicSplashView-Info.plist"; sourceTree = "<group>"; };
		E778466C1AE1F30700EFDE01 /* en */ = {isa = PBXFileReference; lastKnownFileType = text.plist.strings; name = en; path = en.lproj/InfoPlist.strings; sourceTree = "<group>"; };
		E778466E1AE1F30700EFDE01 /* main.m */ = {isa = PBXFileReference; lastKnownFileType = sourcecode.c.objc; path = main.m; sourceTree = "<group>"; };
		E77846701AE1F30700EFDE01 /* BasicSplashView-Prefix.pch */ = {isa = PBXFileReference; lastKnownFileType = sourcecode.c.h; path = "BasicSplashView-Prefix.pch"; sourceTree = "<group>"; };
		E77846711AE1F30700EFDE01 /* AppDelegate.h */ = {isa = PBXFileReference; lastKnownFileType = sourcecode.c.h; path = AppDelegate.h; sourceTree = "<group>"; };
		E77846751AE1F30700EFDE01 /* Base */ = {isa = PBXFileReference; lastKnownFileType = file.storyboard; name = Base; path = Base.lproj/Main_iPhone.storyboard; sourceTree = "<group>"; };
		E77846781AE1F30700EFDE01 /* Base */ = {isa = PBXFileReference; lastKnownFileType = file.storyboard; name = Base; path = Base.lproj/Main_iPad.storyboard; sourceTree = "<group>"; };
		E778467A1AE1F30700EFDE01 /* ViewController.h */ = {isa = PBXFileReference; lastKnownFileType = sourcecode.c.h; path = ViewController.h; sourceTree = "<group>"; };
		E778467B1AE1F30700EFDE01 /* ViewController.m */ = {isa = PBXFileReference; lastKnownFileType = sourcecode.c.objc; path = ViewController.m; sourceTree = "<group>"; };
		E778467D1AE1F30700EFDE01 /* Images.xcassets */ = {isa = PBXFileReference; lastKnownFileType = folder.assetcatalog; path = Images.xcassets; sourceTree = "<group>"; };
		E77846831AE1F30700EFDE01 /* BasicSplashViewTests.xctest */ = {isa = PBXFileReference; explicitFileType = wrapper.cfbundle; includeInIndex = 0; path = BasicSplashViewTests.xctest; sourceTree = BUILT_PRODUCTS_DIR; };
		E77846841AE1F30700EFDE01 /* XCTest.framework */ = {isa = PBXFileReference; lastKnownFileType = wrapper.framework; name = XCTest.framework; path = Library/Frameworks/XCTest.framework; sourceTree = DEVELOPER_DIR; };
		E778468C1AE1F30700EFDE01 /* BasicSplashViewTests-Info.plist */ = {isa = PBXFileReference; lastKnownFileType = text.plist.xml; path = "BasicSplashViewTests-Info.plist"; sourceTree = "<group>"; };
		E778468E1AE1F30700EFDE01 /* en */ = {isa = PBXFileReference; lastKnownFileType = text.plist.strings; name = en; path = en.lproj/InfoPlist.strings; sourceTree = "<group>"; };
		E77846901AE1F30700EFDE01 /* BasicSplashViewTests.m */ = {isa = PBXFileReference; lastKnownFileType = sourcecode.c.objc; path = BasicSplashViewTests.m; sourceTree = "<group>"; };
		E778469B1AE1F3A200EFDE01 /* LYDSplashViewController.h */ = {isa = PBXFileReference; fileEncoding = 4; lastKnownFileType = sourcecode.c.h; path = LYDSplashViewController.h; sourceTree = "<group>"; };
		E778469C1AE1F3A200EFDE01 /* LYDSplashViewController.m */ = {isa = PBXFileReference; fileEncoding = 4; lastKnownFileType = sourcecode.c.objc; path = LYDSplashViewController.m; sourceTree = "<group>"; };
		E7C263A21AE201A4001B1FAF /* AppDelegate.m */ = {isa = PBXFileReference; fileEncoding = 4; lastKnownFileType = sourcecode.c.objc; path = AppDelegate.m; sourceTree = "<group>"; };
/* End PBXFileReference section */

/* Begin PBXFrameworksBuildPhase section */
		E778465C1AE1F30700EFDE01 /* Frameworks */ = {
			isa = PBXFrameworksBuildPhase;
			buildActionMask = 2147483647;
			files = (
				E77846651AE1F30700EFDE01 /* CoreGraphics.framework in Frameworks */,
				E77846671AE1F30700EFDE01 /* UIKit.framework in Frameworks */,
				E77846631AE1F30700EFDE01 /* Foundation.framework in Frameworks */,
			);
			runOnlyForDeploymentPostprocessing = 0;
		};
		E77846801AE1F30700EFDE01 /* Frameworks */ = {
			isa = PBXFrameworksBuildPhase;
			buildActionMask = 2147483647;
			files = (
				E77846851AE1F30700EFDE01 /* XCTest.framework in Frameworks */,
				E77846871AE1F30700EFDE01 /* UIKit.framework in Frameworks */,
				E77846861AE1F30700EFDE01 /* Foundation.framework in Frameworks */,
			);
			runOnlyForDeploymentPostprocessing = 0;
		};
/* End PBXFrameworksBuildPhase section */

/* Begin PBXGroup section */
		E77846561AE1F30700EFDE01 = {
			isa = PBXGroup;
			children = (
				E77846681AE1F30700EFDE01 /* BasicSplashView */,
				E778468A1AE1F30700EFDE01 /* BasicSplashViewTests */,
				E77846611AE1F30700EFDE01 /* Frameworks */,
				E77846601AE1F30700EFDE01 /* Products */,
			);
			sourceTree = "<group>";
		};
		E77846601AE1F30700EFDE01 /* Products */ = {
			isa = PBXGroup;
			children = (
				E778465F1AE1F30700EFDE01 /* BasicSplashView.app */,
				E77846831AE1F30700EFDE01 /* BasicSplashViewTests.xctest */,
			);
			name = Products;
			sourceTree = "<group>";
		};
		E77846611AE1F30700EFDE01 /* Frameworks */ = {
			isa = PBXGroup;
			children = (
				E77846621AE1F30700EFDE01 /* Foundation.framework */,
				E77846641AE1F30700EFDE01 /* CoreGraphics.framework */,
				E77846661AE1F30700EFDE01 /* UIKit.framework */,
				E77846841AE1F30700EFDE01 /* XCTest.framework */,
			);
			name = Frameworks;
			sourceTree = "<group>";
		};
		E77846681AE1F30700EFDE01 /* BasicSplashView */ = {
			isa = PBXGroup;
			children = (
				E778469A1AE1F34A00EFDE01 /* Splash */,
				E77846711AE1F30700EFDE01 /* AppDelegate.h */,
				E7C263A21AE201A4001B1FAF /* AppDelegate.m */,
				E77846741AE1F30700EFDE01 /* Main_iPhone.storyboard */,
				E77846771AE1F30700EFDE01 /* Main_iPad.storyboard */,
				E778467A1AE1F30700EFDE01 /* ViewController.h */,
				E778467B1AE1F30700EFDE01 /* ViewController.m */,
				E778467D1AE1F30700EFDE01 /* Images.xcassets */,
				E77846691AE1F30700EFDE01 /* Supporting Files */,
			);
			path = BasicSplashView;
			sourceTree = "<group>";
		};
		E77846691AE1F30700EFDE01 /* Supporting Files */ = {
			isa = PBXGroup;
			children = (
				E778466A1AE1F30700EFDE01 /* BasicSplashView-Info.plist */,
				E778466B1AE1F30700EFDE01 /* InfoPlist.strings */,
				E778466E1AE1F30700EFDE01 /* main.m */,
				E77846701AE1F30700EFDE01 /* BasicSplashView-Prefix.pch */,
			);
			name = "Supporting Files";
			sourceTree = "<group>";
		};
		E778468A1AE1F30700EFDE01 /* BasicSplashViewTests */ = {
			isa = PBXGroup;
			children = (
				E77846901AE1F30700EFDE01 /* BasicSplashViewTests.m */,
				E778468B1AE1F30700EFDE01 /* Supporting Files */,
			);
			path = BasicSplashViewTests;
			sourceTree = "<group>";
		};
		E778468B1AE1F30700EFDE01 /* Supporting Files */ = {
			isa = PBXGroup;
			children = (
				E778468C1AE1F30700EFDE01 /* BasicSplashViewTests-Info.plist */,
				E778468D1AE1F30700EFDE01 /* InfoPlist.strings */,
			);
			name = "Supporting Files";
			sourceTree = "<group>";
		};
		E778469A1AE1F34A00EFDE01 /* Splash */ = {
			isa = PBXGroup;
			children = (
				E778469B1AE1F3A200EFDE01 /* LYDSplashViewController.h */,
				E778469C1AE1F3A200EFDE01 /* LYDSplashViewController.m */,
			);
			name = Splash;
			sourceTree = "<group>";
		};
/* End PBXGroup section */

/* Begin PBXNativeTarget section */
		E778465E1AE1F30700EFDE01 /* BasicSplashView */ = {
			isa = PBXNativeTarget;
			buildConfigurationList = E77846941AE1F30700EFDE01 /* Build configuration list for PBXNativeTarget "BasicSplashView" */;
			buildPhases = (
				E778465B1AE1F30700EFDE01 /* Sources */,
				E778465C1AE1F30700EFDE01 /* Frameworks */,
				E778465D1AE1F30700EFDE01 /* Resources */,
			);
			buildRules = (
			);
			dependencies = (
			);
			name = BasicSplashView;
			productName = BasicSplashView;
			productReference = E778465F1AE1F30700EFDE01 /* BasicSplashView.app */;
			productType = "com.apple.product-type.application";
		};
		E77846821AE1F30700EFDE01 /* BasicSplashViewTests */ = {
			isa = PBXNativeTarget;
			buildConfigurationList = E77846971AE1F30700EFDE01 /* Build configuration list for PBXNativeTarget "BasicSplashViewTests" */;
			buildPhases = (
				E778467F1AE1F30700EFDE01 /* Sources */,
				E77846801AE1F30700EFDE01 /* Frameworks */,
				E77846811AE1F30700EFDE01 /* Resources */,
			);
			buildRules = (
			);
			dependencies = (
				E77846891AE1F30700EFDE01 /* PBXTargetDependency */,
			);
			name = BasicSplashViewTests;
			productName = BasicSplashViewTests;
			productReference = E77846831AE1F30700EFDE01 /* BasicSplashViewTests.xctest */;
			productType = "com.apple.product-type.bundle.unit-test";
		};
/* End PBXNativeTarget section */

/* Begin PBXProject section */
		E77846571AE1F30700EFDE01 /* Project object */ = {
			isa = PBXProject;
			attributes = {
				LastUpgradeCheck = 0510;
				ORGANIZATIONNAME = zoomlgd;
				TargetAttributes = {
					E77846821AE1F30700EFDE01 = {
						TestTargetID = E778465E1AE1F30700EFDE01;
					};
				};
			};
			buildConfigurationList = E778465A1AE1F30700EFDE01 /* Build configuration list for PBXProject "BasicSplashView" */;
			compatibilityVersion = "Xcode 3.2";
			developmentRegion = English;
			hasScannedForEncodings = 0;
			knownRegions = (
				en,
				Base,
			);
			mainGroup = E77846561AE1F30700EFDE01;
			productRefGroup = E77846601AE1F30700EFDE01 /* Products */;
			projectDirPath = "";
			projectRoot = "";
			targets = (
				E778465E1AE1F30700EFDE01 /* BasicSplashView */,
				E77846821AE1F30700EFDE01 /* BasicSplashViewTests */,
			);
		};
/* End PBXProject section */

/* Begin PBXResourcesBuildPhase section */
		E778465D1AE1F30700EFDE01 /* Resources */ = {
			isa = PBXResourcesBuildPhase;
			buildActionMask = 2147483647;
			files = (
				E77846791AE1F30700EFDE01 /* Main_iPad.storyboard in Resources */,
				E778467E1AE1F30700EFDE01 /* Images.xcassets in Resources */,
				E77846761AE1F30700EFDE01 /* Main_iPhone.storyboard in Resources */,
				E778466D1AE1F30700EFDE01 /* InfoPlist.strings in Resources */,
			);
			runOnlyForDeploymentPostprocessing = 0;
		};
		E77846811AE1F30700EFDE01 /* Resources */ = {
			isa = PBXResourcesBuildPhase;
			buildActionMask = 2147483647;
			files = (
				E778468F1AE1F30700EFDE01 /* InfoPlist.strings in Resources */,
			);
			runOnlyForDeploymentPostprocessing = 0;
		};
/* End PBXResourcesBuildPhase section */

/* Begin PBXSourcesBuildPhase section */
		E778465B1AE1F30700EFDE01 /* Sources */ = {
			isa = PBXSourcesBuildPhase;
			buildActionMask = 2147483647;
			files = (
				E7C263A31AE201A4001B1FAF /* AppDelegate.m in Sources */,
				E778467C1AE1F30700EFDE01 /* ViewController.m in Sources */,
				E778466F1AE1F30700EFDE01 /* main.m in Sources */,
				E778469D1AE1F3A200EFDE01 /* LYDSplashViewController.m in Sources */,
			);
			runOnlyForDeploymentPostprocessing = 0;
		};
		E778467F1AE1F30700EFDE01 /* Sources */ = {
			isa = PBXSourcesBuildPhase;
			buildActionMask = 2147483647;
			files = (
				E77846911AE1F30700EFDE01 /* BasicSplashViewTests.m in Sources */,
			);
			runOnlyForDeploymentPostprocessing = 0;
		};
/* End PBXSourcesBuildPhase section */

/* Begin PBXTargetDependency section */
		E77846891AE1F30700EFDE01 /* PBXTargetDependency */ = {
			isa = PBXTargetDependency;
			target = E778465E1AE1F30700EFDE01 /* BasicSplashView */;
			targetProxy = E77846881AE1F30700EFDE01 /* PBXContainerItemProxy */;
		};
/* End PBXTargetDependency section */

/* Begin PBXVariantGroup section */
		E778466B1AE1F30700EFDE01 /* InfoPlist.strings */ = {
			isa = PBXVariantGroup;
			children = (
				E778466C1AE1F30700EFDE01 /* en */,
			);
			name = InfoPlist.strings;
			sourceTree = "<group>";
		};
		E77846741AE1F30700EFDE01 /* Main_iPhone.storyboard */ = {
			isa = PBXVariantGroup;
			children = (
				E77846751AE1F30700EFDE01 /* Base */,
			);
			name = Main_iPhone.storyboard;
			sourceTree = "<group>";
		};
		E77846771AE1F30700EFDE01 /* Main_iPad.storyboard */ = {
			isa = PBXVariantGroup;
			children = (
				E77846781AE1F30700EFDE01 /* Base */,
			);
			name = Main_iPad.storyboard;
			sourceTree = "<group>";
		};
		E778468D1AE1F30700EFDE01 /* InfoPlist.strings */ = {
			isa = PBXVariantGroup;
			children = (
				E778468E1AE1F30700EFDE01 /* en */,
			);
			name = InfoPlist.strings;
			sourceTree = "<group>";
		};
/* End PBXVariantGroup section */

/* Begin XCBuildConfiguration section */
		E77846921AE1F30700EFDE01 /* Debug */ = {
			isa = XCBuildConfiguration;
			buildSettings = {
				ALWAYS_SEARCH_USER_PATHS = NO;
				CLANG_CXX_LANGUAGE_STANDARD = "gnu++0x";
				CLANG_CXX_LIBRARY = "libc++";
				CLANG_ENABLE_MODULES = YES;
				CLANG_ENABLE_OBJC_ARC = YES;
				CLANG_WARN_BOOL_CONVERSION = YES;
				CLANG_WARN_CONSTANT_CONVERSION = YES;
				CLANG_WARN_DIRECT_OBJC_ISA_USAGE = YES_ERROR;
				CLANG_WARN_EMPTY_BODY = YES;
				CLANG_WARN_ENUM_CONVERSION = YES;
				CLANG_WARN_INT_CONVERSION = YES;
				CLANG_WARN_OBJC_ROOT_CLASS = YES_ERROR;
				CLANG_WARN__DUPLICATE_METHOD_MATCH = YES;
				"CODE_SIGN_IDENTITY[sdk=iphoneos*]" = "iPhone Developer";
				COPY_PHASE_STRIP = NO;
				GCC_C_LANGUAGE_STANDARD = gnu99;
				GCC_DYNAMIC_NO_PIC = NO;
				GCC_OPTIMIZATION_LEVEL = 0;
				GCC_PREPROCESSOR_DEFINITIONS = (
					"DEBUG=1",
					"$(inherited)",
				);
				GCC_SYMBOLS_PRIVATE_EXTERN = NO;
				GCC_WARN_64_TO_32_BIT_CONVERSION = YES;
				GCC_WARN_ABOUT_RETURN_TYPE = YES_ERROR;
				GCC_WARN_UNDECLARED_SELECTOR = YES;
				GCC_WARN_UNINITIALIZED_AUTOS = YES_AGGRESSIVE;
				GCC_WARN_UNUSED_FUNCTION = YES;
				GCC_WARN_UNUSED_VARIABLE = YES;
				IPHONEOS_DEPLOYMENT_TARGET = 7.1;
				ONLY_ACTIVE_ARCH = YES;
				SDKROOT = iphoneos;
				TARGETED_DEVICE_FAMILY = "1,2";
			};
			name = Debug;
		};
		E77846931AE1F30700EFDE01 /* Release */ = {
			isa = XCBuildConfiguration;
			buildSettings = {
				ALWAYS_SEARCH_USER_PATHS = NO;
				CLANG_CXX_LANGUAGE_STANDARD = "gnu++0x";
				CLANG_CXX_LIBRARY = "libc++";
				CLANG_ENABLE_MODULES = YES;
				CLANG_ENABLE_OBJC_ARC = YES;
				CLANG_WARN_BOOL_CONVERSION = YES;
				CLANG_WARN_CONSTANT_CONVERSION = YES;
				CLANG_WARN_DIRECT_OBJC_ISA_USAGE = YES_ERROR;
				CLANG_WARN_EMPTY_BODY = YES;
				CLANG_WARN_ENUM_CONVERSION = YES;
				CLANG_WARN_INT_CONVERSION = YES;
				CLANG_WARN_OBJC_ROOT_CLASS = YES_ERROR;
				CLANG_WARN__DUPLICATE_METHOD_MATCH = YES;
				"CODE_SIGN_IDENTITY[sdk=iphoneos*]" = "iPhone Developer";
				COPY_PHASE_STRIP = YES;
				ENABLE_NS_ASSERTIONS = NO;
				GCC_C_LANGUAGE_STANDARD = gnu99;
				GCC_WARN_64_TO_32_BIT_CONVERSION = YES;
				GCC_WARN_ABOUT_RETURN_TYPE = YES_ERROR;
				GCC_WARN_UNDECLARED_SELECTOR = YES;
				GCC_WARN_UNINITIALIZED_AUTOS = YES_AGGRESSIVE;
				GCC_WARN_UNUSED_FUNCTION = YES;
				GCC_WARN_UNUSED_VARIABLE = YES;
				IPHONEOS_DEPLOYMENT_TARGET = 7.1;
				SDKROOT = iphoneos;
				TARGETED_DEVICE_FAMILY = "1,2";
				VALIDATE_PRODUCT = YES;
			};
			name = Release;
		};
		E77846951AE1F30700EFDE01 /* Debug */ = {
			isa = XCBuildConfiguration;
			buildSettings = {
				ASSETCATALOG_COMPILER_APPICON_NAME = AppIcon;
				ASSETCATALOG_COMPILER_LAUNCHIMAGE_NAME = LaunchImage;
				GCC_PRECOMPILE_PREFIX_HEADER = YES;
				GCC_PREFIX_HEADER = "BasicSplashView/BasicSplashView-Prefix.pch";
				INFOPLIST_FILE = "BasicSplashView/BasicSplashView-Info.plist";
				PRODUCT_NAME = "$(TARGET_NAME)";
				WRAPPER_EXTENSION = app;
			};
			name = Debug;
		};
		E77846961AE1F30700EFDE01 /* Release */ = {
			isa = XCBuildConfiguration;
			buildSettings = {
				ASSETCATALOG_COMPILER_APPICON_NAME = AppIcon;
				ASSETCATALOG_COMPILER_LAUNCHIMAGE_NAME = LaunchImage;
				GCC_PRECOMPILE_PREFIX_HEADER = YES;
				GCC_PREFIX_HEADER = "BasicSplashView/BasicSplashView-Prefix.pch";
				INFOPLIST_FILE = "BasicSplashView/BasicSplashView-Info.plist";
				PRODUCT_NAME = "$(TARGET_NAME)";
				WRAPPER_EXTENSION = app;
			};
			name = Release;
		};
		E77846981AE1F30700EFDE01 /* Debug */ = {
			isa = XCBuildConfiguration;
			buildSettings = {
				BUNDLE_LOADER = "$(BUILT_PRODUCTS_DIR)/BasicSplashView.app/BasicSplashView";
				FRAMEWORK_SEARCH_PATHS = (
					"$(SDKROOT)/Developer/Library/Frameworks",
					"$(inherited)",
					"$(DEVELOPER_FRAMEWORKS_DIR)",
				);
				GCC_PRECOMPILE_PREFIX_HEADER = YES;
				GCC_PREFIX_HEADER = "BasicSplashView/BasicSplashView-Prefix.pch";
				GCC_PREPROCESSOR_DEFINITIONS = (
					"DEBUG=1",
					"$(inherited)",
				);
				INFOPLIST_FILE = "BasicSplashViewTests/BasicSplashViewTests-Info.plist";
				PRODUCT_NAME = "$(TARGET_NAME)";
				TEST_HOST = "$(BUNDLE_LOADER)";
				WRAPPER_EXTENSION = xctest;
			};
			name = Debug;
		};
		E77846991AE1F30700EFDE01 /* Release */ = {
			isa = XCBuildConfiguration;
			buildSettings = {
				BUNDLE_LOADER = "$(BUILT_PRODUCTS_DIR)/BasicSplashView.app/BasicSplashView";
				FRAMEWORK_SEARCH_PATHS = (
					"$(SDKROOT)/Developer/Library/Frameworks",
					"$(inherited)",
					"$(DEVELOPER_FRAMEWORKS_DIR)",
				);
				GCC_PRECOMPILE_PREFIX_HEADER = YES;
				GCC_PREFIX_HEADER = "BasicSplashView/BasicSplashView-Prefix.pch";
				INFOPLIST_FILE = "BasicSplashViewTests/BasicSplashViewTests-Info.plist";
				PRODUCT_NAME = "$(TARGET_NAME)";
				TEST_HOST = "$(BUNDLE_LOADER)";
				WRAPPER_EXTENSION = xctest;
			};
			name = Release;
		};
/* End XCBuildConfiguration section */

/* Begin XCConfigurationList section */
		E778465A1AE1F30700EFDE01 /* Build configuration list for PBXProject "BasicSplashView" */ = {
			isa = XCConfigurationList;
			buildConfigurations = (
				E77846921AE1F30700EFDE01 /* Debug */,
				E77846931AE1F30700EFDE01 /* Release */,
			);
			defaultConfigurationIsVisible = 0;
			defaultConfigurationName = Release;
		};
		E77846941AE1F30700EFDE01 /* Build configuration list for PBXNativeTarget "BasicSplashView" */ = {
			isa = XCConfigurationList;
			buildConfigurations = (
				E77846951AE1F30700EFDE01 /* Debug */,
				E77846961AE1F30700EFDE01 /* Release */,
			);
			defaultConfigurationIsVisible = 0;
			defaultConfigurationName = Release;
		};
		E77846971AE1F30700EFDE01 /* Build configuration list for PBXNativeTarget "BasicSplashViewTests" */ = {
			isa = XCConfigurationList;
			buildConfigurations = (
				E77846981AE1F30700EFDE01 /* Debug */,
				E77846991AE1F30700EFDE01 /* Release */,
			);
			defaultConfigurationIsVisible = 0;
			defaultConfigurationName = Release;
		};
/* End XCConfigurationList section */
	};
	rootObject = E77846571AE1F30700EFDE01 /* Project object */;
}
